
Microsoft Visual Studio Solution File, Format Version 12.00
# Visual Studio Version 16
VisualStudioVersion = 16.0.30523.141
MinimumVisualStudioVersion = 10.0.40219.1
Project("{9A19103F-16F7-4668-BE54-9A1E7A4F7556}") = "CarsIsland.API", "CarsIsland.API\CarsIsland.API.csproj", "{8EF55010-5178-4431-A364-23F684E98F4E}"
EndProject
Project("{9A19103F-16F7-4668-BE54-9A1E7A4F7556}") = "CarsIsland.Infrastructure", "CarsIsland.Infrastructure\CarsIsland.Infrastructure.csproj", "{E1C48CB9-7A4C-43D1-BC51-23D464037633}"
EndProject
Project("{9A19103F-16F7-4668-BE54-9A1E7A4F7556}") = "CarsIsland.Core", "CarsIsland.Core\CarsIsland.Core.csproj", "{8A7F5B34-8E44-499D-BD05-778C37DCD23B}"
EndProject
Project("{9A19103F-16F7-4668-BE54-9A1E7A4F7556}") = "CarsIsland.Logging", "CarsIsland.Logging\CarsIsland.Logging.csproj", "{A59D4343-4211-4C6F-B8BE-4CA96800A326}"
EndProject
Global
	GlobalSection(SolutionConfigurationPlatforms) = preSolution
		Debug|Any CPU = Debug|Any CPU
		Release|Any CPU = Release|Any CPU
	EndGlobalSection
	GlobalSection(ProjectConfigurationPlatforms) = postSolution
		{8EF55010-5178-4431-A364-23F684E98F4E}.Debug|Any CPU.ActiveCfg = Debug|Any CPU
		{8EF55010-5178-4431-A364-23F684E98F4E}.Debug|Any CPU.Build.0 = Debug|Any CPU
		{8EF55010-5178-4431-A364-23F684E98F4E}.Release|Any CPU.ActiveCfg = Release|Any CPU
		{8EF55010-5178-4431-A364-23F684E98F4E}.Release|Any CPU.Build.0 = Release|Any CPU
		{E1C48CB9-7A4C-43D1-BC51-23D464037633}.Debug|Any CPU.ActiveCfg = Debug|Any CPU
		{E1C48CB9-7A4C-43D1-BC51-23D464037633}.Debug|Any CPU.Build.0 = Debug|Any CPU
		{E1C48CB9-7A4C-43D1-BC51-23D464037633}.Release|Any CPU.ActiveCfg = Release|Any CPU
		{E1C48CB9-7A4C-43D1-BC51-23D464037633}.Release|Any CPU.Build.0 = Release|Any CPU
		{8A7F5B34-8E44-499D-BD05-778C37DCD23B}.Debug|Any CPU.ActiveCfg = Debug|Any CPU
		{8A7F5B34-8E44-499D-BD05-778C37DCD23B}.Debug|Any CPU.Build.0 = Debug|Any CPU
		{8A7F5B34-8E44-499D-BD05-778C37DCD23B}.Release|Any CPU.ActiveCfg = Release|Any CPU
		{8A7F5B34-8E44-499D-BD05-778C37DCD23B}.Release|Any CPU.Build.0 = Release|Any CPU
		{A59D4343-4211-4C6F-B8BE-4CA96800A326}.Debug|Any CPU.ActiveCfg = Debug|Any CPU
		{A59D4343-4211-4C6F-B8BE-4CA96800A326}.Debug|Any CPU.Build.0 = Debug|Any CPU
		{A59D4343-4211-4C6F-B8BE-4CA96800A326}.Release|Any CPU.ActiveCfg = Release|Any CPU
		{A59D4343-4211-4C6F-B8BE-4CA96800A326}.Release|Any CPU.Build.0 = Release|Any CPU
	EndGlobalSection
	GlobalSection(SolutionProperties) = preSolution
		HideSolutionNode = FALSE
	EndGlobalSection
	GlobalSection(ExtensibilityGlobals) = postSolution
		SolutionGuid = {03FC886A-C59D-4F3E-9901-5C1CD1FF19E3}
	EndGlobalSection
EndGlobal
