
Microsoft Visual Studio Solution File, Format Version 12.00
# Visual Studio Version 16
VisualStudioVersion = 16.0.30523.141
MinimumVisualStudioVersion = 10.0.40219.1
Project("{9A19103F-16F7-4668-BE54-9A1E7A4F7556}") = "CarsIsland.WebApp", "CarsIsland.WebApp\CarsIsland.WebApp.csproj", "{8F89FCD5-45CD-4FAF-8950-DF0DC3BB1ED2}"
EndProject
Global
	GlobalSection(SolutionConfigurationPlatforms) = preSolution
		Debug|Any CPU = Debug|Any CPU
		Release|Any CPU = Release|Any CPU
	EndGlobalSection
	GlobalSection(ProjectConfigurationPlatforms) = postSolution
		{8F89FCD5-45CD-4FAF-8950-DF0DC3BB1ED2}.Debug|Any CPU.ActiveCfg = Debug|Any CPU
		{8F89FCD5-45CD-4FAF-8950-DF0DC3BB1ED2}.Debug|Any CPU.Build.0 = Debug|Any CPU
		{8F89FCD5-45CD-4FAF-8950-DF0DC3BB1ED2}.Release|Any CPU.ActiveCfg = Release|Any CPU
		{8F89FCD5-45CD-4FAF-8950-DF0DC3BB1ED2}.Release|Any CPU.Build.0 = Release|Any CPU
	EndGlobalSection
	GlobalSection(SolutionProperties) = preSolution
		HideSolutionNode = FALSE
	EndGlobalSection
	GlobalSection(ExtensibilityGlobals) = postSolution
		SolutionGuid = {108650E7-3A07-49E0-8833-BE7AEC5F2E83}
	EndGlobalSection
EndGlobal
